// !$*UTF8*$!
{
	archiveVersion = 1;
	classes = {
	};
	objectVersion = 46;
	objects = {

/* Begin PBXBuildFile section */
		AA63E1CF16D415BF003287C6 /* OpenGL.framework in Frameworks */ = {isa = PBXBuildFile; fileRef = AA63E1CE16D415BF003287C6 /* OpenGL.framework */; };
		AA63E1D316D415CB003287C6 /* GLUT.framework in Frameworks */ = {isa = PBXBuildFile; fileRef = AA63E1D216D415CB003287C6 /* GLUT.framework */; };
		AA63E22E16D421B5003287C6 /* libCGF.a in Frameworks */ = {isa = PBXBuildFile; fileRef = AA63E22D16D421B5003287C6 /* libCGF.a */; };
		AA63E23216D4221C003287C6 /* libGLEW.1.9.0.dylib in Frameworks */ = {isa = PBXBuildFile; fileRef = AA63E22F16D4221C003287C6 /* libGLEW.1.9.0.dylib */; };
		AA63E23316D4221C003287C6 /* libGLEWmx.1.9.0.dylib in Frameworks */ = {isa = PBXBuildFile; fileRef = AA63E23016D4221C003287C6 /* libGLEWmx.1.9.0.dylib */; };
		AA63E23416D4221C003287C6 /* libglui.a in Frameworks */ = {isa = PBXBuildFile; fileRef = AA63E23116D4221C003287C6 /* libglui.a */; };
		AA63E24016D422F1003287C6 /* texshader.frag in CopyFiles */ = {isa = PBXBuildFile; fileRef = AA63E23B16D422CA003287C6 /* texshader.frag */; };
		AA63E24116D422F1003287C6 /* texshader.vert in CopyFiles */ = {isa = PBXBuildFile; fileRef = AA63E23C16D422CA003287C6 /* texshader.vert */; };
		EB0D1BB718182BE900E385CB /* Patch.cpp in Sources */ = {isa = PBXBuildFile; fileRef = EB0D1BB518182BE900E385CB /* Patch.cpp */; };
		EB2654E71826DDC7007FCBBC /* balloonText.png in CopyFiles */ = {isa = PBXBuildFile; fileRef = EB2654E41826DDC1007FCBBC /* balloonText.png */; };
		EB2654E81826DDC8007FCBBC /* cabinBottomText.png in CopyFiles */ = {isa = PBXBuildFile; fileRef = EB2654E51826DDC1007FCBBC /* cabinBottomText.png */; };
		EB2654E91826DDCA007FCBBC /* cabinText.png in CopyFiles */ = {isa = PBXBuildFile; fileRef = EB2654E61826DDC1007FCBBC /* cabinText.png */; };
		EB2654EA1826DDCB007FCBBC /* zeppelinScene.yaf in CopyFiles */ = {isa = PBXBuildFile; fileRef = EB2654E31826DDB3007FCBBC /* zeppelinScene.yaf */; };
		EB3285B11842249100394272 /* Vehicle.cpp in Sources */ = {isa = PBXBuildFile; fileRef = EB3285AF1842249100394272 /* Vehicle.cpp */; };
		EB36691B1843632200DAB083 /* GameState.cpp in Sources */ = {isa = PBXBuildFile; fileRef = EB3669191843632200DAB083 /* GameState.cpp */; };
		EB366923184371ED00DAB083 /* Connection.cpp in Sources */ = {isa = PBXBuildFile; fileRef = EB36691F184371ED00DAB083 /* Connection.cpp */; };
		EB366926184379A800DAB083 /* choko in CopyFiles */ = {isa = PBXBuildFile; fileRef = EB366925184379A300DAB083 /* choko */; };
		EB366929184379EE00DAB083 /* PrologBridge.cpp in Sources */ = {isa = PBXBuildFile; fileRef = EB366927184379EE00DAB083 /* PrologBridge.cpp */; };
		EB5822D118142627001C3D45 /* Plane.cpp in Sources */ = {isa = PBXBuildFile; fileRef = EB5822CF18142627001C3D45 /* Plane.cpp */; };
		EB7BC62F17F754E90069596B /* wood.jpg in CopyFiles */ = {isa = PBXBuildFile; fileRef = EB7BC62E17F754E70069596B /* wood.jpg */; };
		EB7BC63517F77BD70069596B /* duffPoster.jpg in CopyFiles */ = {isa = PBXBuildFile; fileRef = EB7BC63417F77BCA0069596B /* duffPoster.jpg */; };
		EB7BC63617F77BDD0069596B /* wall.png in CopyFiles */ = {isa = PBXBuildFile; fileRef = EB7BC63317F77BC10069596B /* wall.png */; };
		EB7BC63A17F77CD20069596B /* floor.png in CopyFiles */ = {isa = PBXBuildFile; fileRef = EB7BC63917F77CCD0069596B /* floor.png */; };
		EB7BC63C17F788320069596B /* box.jpg in CopyFiles */ = {isa = PBXBuildFile; fileRef = EB7BC63B17F7882E0069596B /* box.jpg */; };
		EB7BC63E17F78F550069596B /* donutScene.yaf in CopyFiles */ = {isa = PBXBuildFile; fileRef = EB7BC63D17F78F500069596B /* donutScene.yaf */; };
		EB7BC64417F78FB30069596B /* donut1.png in CopyFiles */ = {isa = PBXBuildFile; fileRef = EB7BC63F17F78FA00069596B /* donut1.png */; };
		EB7BC64517F78FB40069596B /* donut2.png in CopyFiles */ = {isa = PBXBuildFile; fileRef = EB7BC64017F78FA00069596B /* donut2.png */; };
		EB7BC64617F78FB60069596B /* donut3.png in CopyFiles */ = {isa = PBXBuildFile; fileRef = EB7BC64117F78FA00069596B /* donut3.png */; };
		EB7BC64717F78FB70069596B /* donut4.png in CopyFiles */ = {isa = PBXBuildFile; fileRef = EB7BC64217F78FA00069596B /* donut4.png */; };
		EB7BC64817F78FB90069596B /* donut5.png in CopyFiles */ = {isa = PBXBuildFile; fileRef = EB7BC64317F78FA00069596B /* donut5.png */; };
		EB7C0CA318202B2C000861A8 /* Waterline.cpp in Sources */ = {isa = PBXBuildFile; fileRef = EB7C0CA118202B2C000861A8 /* Waterline.cpp */; };
		EB7C0CA618202E90000861A8 /* WaterShader.cpp in Sources */ = {isa = PBXBuildFile; fileRef = EB7C0CA418202E90000861A8 /* WaterShader.cpp */; };
		EB7C0CA918203924000861A8 /* water.jpg in CopyFiles */ = {isa = PBXBuildFile; fileRef = EB7C0CA7182033CE000861A8 /* water.jpg */; };
		EB7C0CAA18203926000861A8 /* watermap.jpg in CopyFiles */ = {isa = PBXBuildFile; fileRef = EB7C0CA8182033CE000861A8 /* watermap.jpg */; };
		EB81812A17E712EC008DF2EB /* scene.xml in CopyFiles */ = {isa = PBXBuildFile; fileRef = EB81812917E712E5008DF2EB /* scene.xml */; };
		EB873D1B17E61F4F00181AB4 /* tinystr.cpp in Sources */ = {isa = PBXBuildFile; fileRef = EB873D0B17E61F4F00181AB4 /* tinystr.cpp */; };
		EB873D1C17E61F4F00181AB4 /* tinyxml.cpp in Sources */ = {isa = PBXBuildFile; fileRef = EB873D0D17E61F4F00181AB4 /* tinyxml.cpp */; };
		EB873D1D17E61F4F00181AB4 /* tinyxmlerror.cpp in Sources */ = {isa = PBXBuildFile; fileRef = EB873D1117E61F4F00181AB4 /* tinyxmlerror.cpp */; };
		EB873D1E17E61F4F00181AB4 /* tinyxmlparser.cpp in Sources */ = {isa = PBXBuildFile; fileRef = EB873D1217E61F4F00181AB4 /* tinyxmlparser.cpp */; };
		EB873D1F17E61F4F00181AB4 /* xmltest.cpp in Sources */ = {isa = PBXBuildFile; fileRef = EB873D1917E61F4F00181AB4 /* xmltest.cpp */; };
		EB9E1BFE18095B5F00F91761 /* Appearance.cpp in Sources */ = {isa = PBXBuildFile; fileRef = EB9E1BD518095B5F00F91761 /* Appearance.cpp */; };
		EB9E1BFF18095B5F00F91761 /* CameraView.cpp in Sources */ = {isa = PBXBuildFile; fileRef = EB9E1BD718095B5F00F91761 /* CameraView.cpp */; };
		EB9E1C0018095B5F00F91761 /* DemoScene.cpp in Sources */ = {isa = PBXBuildFile; fileRef = EB9E1BD918095B5F00F91761 /* DemoScene.cpp */; };
		EB9E1C0118095B5F00F91761 /* main.cpp in Sources */ = {isa = PBXBuildFile; fileRef = EB9E1BDB18095B5F00F91761 /* main.cpp */; };
		EB9E1C0218095B5F00F91761 /* RendererInterface.cpp in Sources */ = {isa = PBXBuildFile; fileRef = EB9E1BDC18095B5F00F91761 /* RendererInterface.cpp */; };
		EB9E1C0318095B5F00F91761 /* RootVertex.cpp in Sources */ = {isa = PBXBuildFile; fileRef = EB9E1BDE18095B5F00F91761 /* RootVertex.cpp */; };
		EB9E1C0418095B5F00F91761 /* SceneEdge.cpp in Sources */ = {isa = PBXBuildFile; fileRef = EB9E1BE018095B5F00F91761 /* SceneEdge.cpp */; };
		EB9E1C0518095B5F00F91761 /* SceneGraph.cpp in Sources */ = {isa = PBXBuildFile; fileRef = EB9E1BE218095B5F00F91761 /* SceneGraph.cpp */; };
		EB9E1C0618095B5F00F91761 /* SceneLight.cpp in Sources */ = {isa = PBXBuildFile; fileRef = EB9E1BE418095B5F00F91761 /* SceneLight.cpp */; };
		EB9E1C0718095B5F00F91761 /* ScenePrimitive.cpp in Sources */ = {isa = PBXBuildFile; fileRef = EB9E1BE618095B5F00F91761 /* ScenePrimitive.cpp */; };
		EB9E1C0818095B5F00F91761 /* SceneVertex.cpp in Sources */ = {isa = PBXBuildFile; fileRef = EB9E1BE818095B5F00F91761 /* SceneVertex.cpp */; };
		EB9E1C0918095B5F00F91761 /* Transformation.cpp in Sources */ = {isa = PBXBuildFile; fileRef = EB9E1BEA18095B5F00F91761 /* Transformation.cpp */; };
		EB9E1C0A18095B5F00F91761 /* YAFAppearance.cpp in Sources */ = {isa = PBXBuildFile; fileRef = EB9E1BEC18095B5F00F91761 /* YAFAppearance.cpp */; };
		EB9E1C0B18095B5F00F91761 /* YAFCamera.cpp in Sources */ = {isa = PBXBuildFile; fileRef = EB9E1BEE18095B5F00F91761 /* YAFCamera.cpp */; };
		EB9E1C0C18095B5F00F91761 /* YAFElement.cpp in Sources */ = {isa = PBXBuildFile; fileRef = EB9E1BF018095B5F00F91761 /* YAFElement.cpp */; };
		EB9E1C0D18095B5F00F91761 /* YAFGlobal.cpp in Sources */ = {isa = PBXBuildFile; fileRef = EB9E1BF218095B5F00F91761 /* YAFGlobal.cpp */; };
		EB9E1C0E18095B5F00F91761 /* YAFGlobalLighting.cpp in Sources */ = {isa = PBXBuildFile; fileRef = EB9E1BF418095B5F00F91761 /* YAFGlobalLighting.cpp */; };
		EB9E1C0F18095B5F00F91761 /* YAFLight.cpp in Sources */ = {isa = PBXBuildFile; fileRef = EB9E1BF618095B5F00F91761 /* YAFLight.cpp */; };
		EB9E1C1018095B5F00F91761 /* YAFNode.cpp in Sources */ = {isa = PBXBuildFile; fileRef = EB9E1BF818095B5F00F91761 /* YAFNode.cpp */; };
		EB9E1C1118095B5F00F91761 /* YAFReader.cpp in Sources */ = {isa = PBXBuildFile; fileRef = EB9E1BFA18095B5F00F91761 /* YAFReader.cpp */; };
		EB9E1C1218095B5F00F91761 /* YAFTexture.cpp in Sources */ = {isa = PBXBuildFile; fileRef = EB9E1BFC18095B5F00F91761 /* YAFTexture.cpp */; };
		EBB48509181C2404000E0A4A /* Animation.cpp in Sources */ = {isa = PBXBuildFile; fileRef = EBB48507181C2404000E0A4A /* Animation.cpp */; };
		EBB4850C181C25C7000E0A4A /* LinearAnimation.cpp in Sources */ = {isa = PBXBuildFile; fileRef = EBB4850A181C25C7000E0A4A /* LinearAnimation.cpp */; };
		EBE393771829A082006C5A5F /* ShaderTexture.cpp in Sources */ = {isa = PBXBuildFile; fileRef = EBE393751829A082006C5A5F /* ShaderTexture.cpp */; };
		EBE3937A1829A0AD006C5A5F /* rivershader.frag in Sources */ = {isa = PBXBuildFile; fileRef = EBE393781829A0AD006C5A5F /* rivershader.frag */; };
		EBE3937B1829A0AD006C5A5F /* rivershader.vert in Sources */ = {isa = PBXBuildFile; fileRef = EBE393791829A0AD006C5A5F /* rivershader.vert */; };
		EBE3937C1829A0BE006C5A5F /* rivershader.frag in CopyFiles */ = {isa = PBXBuildFile; fileRef = EBE393781829A0AD006C5A5F /* rivershader.frag */; };
		EBE3937D1829A0C0006C5A5F /* rivershader.vert in CopyFiles */ = {isa = PBXBuildFile; fileRef = EBE393791829A0AD006C5A5F /* rivershader.vert */; };
		EBF5AAC417F8B07900E54147 /* beer.jpg in CopyFiles */ = {isa = PBXBuildFile; fileRef = EBF5AAC217F8B06900E54147 /* beer.jpg */; };
		EBF5AAC517F8B07A00E54147 /* beerfoam.jpg in CopyFiles */ = {isa = PBXBuildFile; fileRef = EBF5AAC317F8B06900E54147 /* beerfoam.jpg */; };
/* End PBXBuildFile section */

/* Begin PBXCopyFilesBuildPhase section */
		AA63E1A916D41531003287C6 /* CopyFiles */ = {
			isa = PBXCopyFilesBuildPhase;
			buildActionMask = 12;
			dstPath = .;
			dstSubfolderSpec = 16;
			files = (
				EB366926184379A800DAB083 /* choko in CopyFiles */,
				EB2654E71826DDC7007FCBBC /* balloonText.png in CopyFiles */,
				EB2654E81826DDC8007FCBBC /* cabinBottomText.png in CopyFiles */,
				EB2654E91826DDCA007FCBBC /* cabinText.png in CopyFiles */,
				EBF5AAC417F8B07900E54147 /* beer.jpg in CopyFiles */,
				EBF5AAC517F8B07A00E54147 /* beerfoam.jpg in CopyFiles */,
				EB81812A17E712EC008DF2EB /* scene.xml in CopyFiles */,
				EB7BC63617F77BDD0069596B /* wall.png in CopyFiles */,
				EB7BC63517F77BD70069596B /* duffPoster.jpg in CopyFiles */,
				AA63E24016D422F1003287C6 /* texshader.frag in CopyFiles */,
				EB7BC63A17F77CD20069596B /* floor.png in CopyFiles */,
				EB7BC62F17F754E90069596B /* wood.jpg in CopyFiles */,
				EB7BC63E17F78F550069596B /* donutScene.yaf in CopyFiles */,
				EB7BC63C17F788320069596B /* box.jpg in CopyFiles */,
				EB7BC64417F78FB30069596B /* donut1.png in CopyFiles */,
				EB2654EA1826DDCB007FCBBC /* zeppelinScene.yaf in CopyFiles */,
				EB7BC64817F78FB90069596B /* donut5.png in CopyFiles */,
				EB7BC64717F78FB70069596B /* donut4.png in CopyFiles */,
				EB7BC64617F78FB60069596B /* donut3.png in CopyFiles */,
				EB7BC64517F78FB40069596B /* donut2.png in CopyFiles */,
				AA63E24116D422F1003287C6 /* texshader.vert in CopyFiles */,
				EB7C0CA918203924000861A8 /* water.jpg in CopyFiles */,
				EB7C0CAA18203926000861A8 /* watermap.jpg in CopyFiles */,
				EBE3937C1829A0BE006C5A5F /* rivershader.frag in CopyFiles */,
				EBE3937D1829A0C0006C5A5F /* rivershader.vert in CopyFiles */,
			);
			runOnlyForDeploymentPostprocessing = 0;
		};
/* End PBXCopyFilesBuildPhase section */

/* Begin PBXFileReference section */
		AA63E1AB16D41531003287C6 /* CGFExample */ = {isa = PBXFileReference; explicitFileType = "compiled.mach-o.executable"; includeInIndex = 0; path = CGFExample; sourceTree = BUILT_PRODUCTS_DIR; };
		AA63E1C116D415A6003287C6 /* CGFappearance.h */ = {isa = PBXFileReference; fileEncoding = 4; lastKnownFileType = sourcecode.c.h; name = CGFappearance.h; path = ../CGFlib/include/CGFappearance.h; sourceTree = "<group>"; };
		AA63E1C216D415A6003287C6 /* CGFapplication.h */ = {isa = PBXFileReference; fileEncoding = 4; lastKnownFileType = sourcecode.c.h; name = CGFapplication.h; path = ../CGFlib/include/CGFapplication.h; sourceTree = "<group>"; };
		AA63E1C316D415A6003287C6 /* CGFaxis.h */ = {isa = PBXFileReference; fileEncoding = 4; lastKnownFileType = sourcecode.c.h; name = CGFaxis.h; path = ../CGFlib/include/CGFaxis.h; sourceTree = "<group>"; };
		AA63E1C416D415A6003287C6 /* CGFcamera.h */ = {isa = PBXFileReference; fileEncoding = 4; lastKnownFileType = sourcecode.c.h; name = CGFcamera.h; path = ../CGFlib/include/CGFcamera.h; sourceTree = "<group>"; };
		AA63E1C516D415A6003287C6 /* CGFinterface.h */ = {isa = PBXFileReference; fileEncoding = 4; lastKnownFileType = sourcecode.c.h; name = CGFinterface.h; path = ../CGFlib/include/CGFinterface.h; sourceTree = "<group>"; };
		AA63E1C616D415A6003287C6 /* CGFlight.h */ = {isa = PBXFileReference; fileEncoding = 4; lastKnownFileType = sourcecode.c.h; name = CGFlight.h; path = ../CGFlib/include/CGFlight.h; sourceTree = "<group>"; };
		AA63E1C716D415A6003287C6 /* CGFobject.h */ = {isa = PBXFileReference; fileEncoding = 4; lastKnownFileType = sourcecode.c.h; name = CGFobject.h; path = ../CGFlib/include/CGFobject.h; sourceTree = "<group>"; };
		AA63E1C816D415A6003287C6 /* CGFscene.h */ = {isa = PBXFileReference; fileEncoding = 4; lastKnownFileType = sourcecode.c.h; name = CGFscene.h; path = ../CGFlib/include/CGFscene.h; sourceTree = "<group>"; };
		AA63E1C916D415A6003287C6 /* CGFshader.h */ = {isa = PBXFileReference; fileEncoding = 4; lastKnownFileType = sourcecode.c.h; name = CGFshader.h; path = ../CGFlib/include/CGFshader.h; sourceTree = "<group>"; };
		AA63E1CA16D415A6003287C6 /* CGFtexture.h */ = {isa = PBXFileReference; fileEncoding = 4; lastKnownFileType = sourcecode.c.h; name = CGFtexture.h; path = ../CGFlib/include/CGFtexture.h; sourceTree = "<group>"; };
		AA63E1CB16D415A6003287C6 /* imagetools.h */ = {isa = PBXFileReference; fileEncoding = 4; lastKnownFileType = sourcecode.c.h; name = imagetools.h; path = ../CGFlib/include/imagetools.h; sourceTree = "<group>"; };
		AA63E1CC16D415A6003287C6 /* stb_image_write.h */ = {isa = PBXFileReference; fileEncoding = 4; lastKnownFileType = sourcecode.c.h; name = stb_image_write.h; path = ../CGFlib/include/stb_image_write.h; sourceTree = "<group>"; };
		AA63E1CD16D415A6003287C6 /* version.h */ = {isa = PBXFileReference; fileEncoding = 4; lastKnownFileType = sourcecode.c.h; name = version.h; path = ../CGFlib/include/version.h; sourceTree = "<group>"; };
		AA63E1CE16D415BF003287C6 /* OpenGL.framework */ = {isa = PBXFileReference; lastKnownFileType = wrapper.framework; name = OpenGL.framework; path = System/Library/Frameworks/OpenGL.framework; sourceTree = SDKROOT; };
		AA63E1D016D415C6003287C6 /* CoreServices.framework */ = {isa = PBXFileReference; lastKnownFileType = wrapper.framework; name = CoreServices.framework; path = System/Library/Frameworks/CoreServices.framework; sourceTree = SDKROOT; };
		AA63E1D216D415CB003287C6 /* GLUT.framework */ = {isa = PBXFileReference; lastKnownFileType = wrapper.framework; name = GLUT.framework; path = System/Library/Frameworks/GLUT.framework; sourceTree = SDKROOT; };
		AA63E22D16D421B5003287C6 /* libCGF.a */ = {isa = PBXFileReference; lastKnownFileType = archive.ar; name = libCGF.a; path = ../CGFlib/lib/libCGF.a; sourceTree = "<group>"; };
		AA63E22F16D4221C003287C6 /* libGLEW.1.9.0.dylib */ = {isa = PBXFileReference; lastKnownFileType = "compiled.mach-o.dylib"; name = libGLEW.1.9.0.dylib; path = /usr/local/Cellar/glew/1.9.0/lib/libGLEW.1.9.0.dylib; sourceTree = "<absolute>"; };
		AA63E23016D4221C003287C6 /* libGLEWmx.1.9.0.dylib */ = {isa = PBXFileReference; lastKnownFileType = "compiled.mach-o.dylib"; name = libGLEWmx.1.9.0.dylib; path = /usr/local/Cellar/glew/1.9.0/lib/libGLEWmx.1.9.0.dylib; sourceTree = "<absolute>"; };
		AA63E23116D4221C003287C6 /* libglui.a */ = {isa = PBXFileReference; lastKnownFileType = archive.ar; name = libglui.a; path = /usr/local/Cellar/glui/2.36/lib/libglui.a; sourceTree = "<absolute>"; };
		AA63E23B16D422CA003287C6 /* texshader.frag */ = {isa = PBXFileReference; fileEncoding = 4; lastKnownFileType = sourcecode.glsl; path = texshader.frag; sourceTree = "<group>"; };
		AA63E23C16D422CA003287C6 /* texshader.vert */ = {isa = PBXFileReference; fileEncoding = 4; lastKnownFileType = sourcecode.glsl; path = texshader.vert; sourceTree = "<group>"; };
		EB0D1BB518182BE900E385CB /* Patch.cpp */ = {isa = PBXFileReference; fileEncoding = 4; lastKnownFileType = sourcecode.cpp.cpp; name = Patch.cpp; path = src/Patch.cpp; sourceTree = SOURCE_ROOT; };
		EB0D1BB618182BE900E385CB /* Patch.h */ = {isa = PBXFileReference; fileEncoding = 4; lastKnownFileType = sourcecode.c.h; name = Patch.h; path = src/Patch.h; sourceTree = SOURCE_ROOT; };
		EB2654E31826DDB3007FCBBC /* zeppelinScene.yaf */ = {isa = PBXFileReference; fileEncoding = 4; lastKnownFileType = text; path = zeppelinScene.yaf; sourceTree = "<group>"; };
		EB2654E41826DDC1007FCBBC /* balloonText.png */ = {isa = PBXFileReference; lastKnownFileType = image.png; path = balloonText.png; sourceTree = "<group>"; };
		EB2654E51826DDC1007FCBBC /* cabinBottomText.png */ = {isa = PBXFileReference; lastKnownFileType = image.png; path = cabinBottomText.png; sourceTree = "<group>"; };
		EB2654E61826DDC1007FCBBC /* cabinText.png */ = {isa = PBXFileReference; lastKnownFileType = image.png; path = cabinText.png; sourceTree = "<group>"; };
		EB3285AF1842249100394272 /* Vehicle.cpp */ = {isa = PBXFileReference; fileEncoding = 4; lastKnownFileType = sourcecode.cpp.cpp; name = Vehicle.cpp; path = src/Vehicle.cpp; sourceTree = SOURCE_ROOT; };
		EB3285B01842249100394272 /* Vehicle.h */ = {isa = PBXFileReference; fileEncoding = 4; lastKnownFileType = sourcecode.c.h; name = Vehicle.h; path = src/Vehicle.h; sourceTree = SOURCE_ROOT; };
		EB3669191843632200DAB083 /* GameState.cpp */ = {isa = PBXFileReference; fileEncoding = 4; lastKnownFileType = sourcecode.cpp.cpp; name = GameState.cpp; path = src/GameState.cpp; sourceTree = SOURCE_ROOT; };
		EB36691A1843632200DAB083 /* GameState.h */ = {isa = PBXFileReference; fileEncoding = 4; lastKnownFileType = sourcecode.c.h; name = GameState.h; path = src/GameState.h; sourceTree = SOURCE_ROOT; };
		EB36691F184371ED00DAB083 /* Connection.cpp */ = {isa = PBXFileReference; fileEncoding = 4; lastKnownFileType = sourcecode.cpp.cpp; name = Connection.cpp; path = src/Connection.cpp; sourceTree = SOURCE_ROOT; };
		EB366920184371ED00DAB083 /* Connection.h */ = {isa = PBXFileReference; fileEncoding = 4; lastKnownFileType = sourcecode.c.h; name = Connection.h; path = src/Connection.h; sourceTree = SOURCE_ROOT; };
		EB366925184379A300DAB083 /* choko */ = {isa = PBXFileReference; lastKnownFileType = "compiled.mach-o.executable"; path = choko; sourceTree = "<group>"; };
		EB366927184379EE00DAB083 /* PrologBridge.cpp */ = {isa = PBXFileReference; fileEncoding = 4; lastKnownFileType = sourcecode.cpp.cpp; name = PrologBridge.cpp; path = src/PrologBridge.cpp; sourceTree = SOURCE_ROOT; };
		EB366928184379EE00DAB083 /* PrologBridge.h */ = {isa = PBXFileReference; fileEncoding = 4; lastKnownFileType = sourcecode.c.h; name = PrologBridge.h; path = src/PrologBridge.h; sourceTree = SOURCE_ROOT; };
		EB5822CF18142627001C3D45 /* Plane.cpp */ = {isa = PBXFileReference; fileEncoding = 4; lastKnownFileType = sourcecode.cpp.cpp; name = Plane.cpp; path = src/Plane.cpp; sourceTree = SOURCE_ROOT; };
		EB5822D018142627001C3D45 /* Plane.h */ = {isa = PBXFileReference; fileEncoding = 4; lastKnownFileType = sourcecode.c.h; name = Plane.h; path = src/Plane.h; sourceTree = SOURCE_ROOT; };
		EB7BC62E17F754E70069596B /* wood.jpg */ = {isa = PBXFileReference; lastKnownFileType = image.jpeg; path = wood.jpg; sourceTree = "<group>"; };
		EB7BC63317F77BC10069596B /* wall.png */ = {isa = PBXFileReference; lastKnownFileType = image.png; path = wall.png; sourceTree = "<group>"; };
		EB7BC63417F77BCA0069596B /* duffPoster.jpg */ = {isa = PBXFileReference; lastKnownFileType = image.jpeg; path = duffPoster.jpg; sourceTree = "<group>"; };
		EB7BC63917F77CCD0069596B /* floor.png */ = {isa = PBXFileReference; lastKnownFileType = image.png; path = floor.png; sourceTree = "<group>"; };
		EB7BC63B17F7882E0069596B /* box.jpg */ = {isa = PBXFileReference; lastKnownFileType = image.jpeg; path = box.jpg; sourceTree = "<group>"; };
		EB7BC63D17F78F500069596B /* donutScene.yaf */ = {isa = PBXFileReference; fileEncoding = 4; lastKnownFileType = text; path = donutScene.yaf; sourceTree = "<group>"; };
		EB7BC63F17F78FA00069596B /* donut1.png */ = {isa = PBXFileReference; lastKnownFileType = image.png; path = donut1.png; sourceTree = "<group>"; };
		EB7BC64017F78FA00069596B /* donut2.png */ = {isa = PBXFileReference; lastKnownFileType = image.png; path = donut2.png; sourceTree = "<group>"; };
		EB7BC64117F78FA00069596B /* donut3.png */ = {isa = PBXFileReference; lastKnownFileType = image.png; path = donut3.png; sourceTree = "<group>"; };
		EB7BC64217F78FA00069596B /* donut4.png */ = {isa = PBXFileReference; lastKnownFileType = image.png; path = donut4.png; sourceTree = "<group>"; };
		EB7BC64317F78FA00069596B /* donut5.png */ = {isa = PBXFileReference; lastKnownFileType = image.png; path = donut5.png; sourceTree = "<group>"; };
		EB7C0CA118202B2C000861A8 /* Waterline.cpp */ = {isa = PBXFileReference; fileEncoding = 4; lastKnownFileType = sourcecode.cpp.cpp; name = Waterline.cpp; path = src/Waterline.cpp; sourceTree = SOURCE_ROOT; };
		EB7C0CA218202B2C000861A8 /* Waterline.h */ = {isa = PBXFileReference; fileEncoding = 4; lastKnownFileType = sourcecode.c.h; name = Waterline.h; path = src/Waterline.h; sourceTree = SOURCE_ROOT; };
		EB7C0CA418202E90000861A8 /* WaterShader.cpp */ = {isa = PBXFileReference; fileEncoding = 4; lastKnownFileType = sourcecode.cpp.cpp; name = WaterShader.cpp; path = src/WaterShader.cpp; sourceTree = SOURCE_ROOT; };
		EB7C0CA518202E90000861A8 /* WaterShader.h */ = {isa = PBXFileReference; fileEncoding = 4; lastKnownFileType = sourcecode.c.h; name = WaterShader.h; path = src/WaterShader.h; sourceTree = SOURCE_ROOT; };
		EB7C0CA7182033CE000861A8 /* water.jpg */ = {isa = PBXFileReference; lastKnownFileType = image.jpeg; path = water.jpg; sourceTree = "<group>"; };
		EB7C0CA8182033CE000861A8 /* watermap.jpg */ = {isa = PBXFileReference; lastKnownFileType = image.jpeg; path = watermap.jpg; sourceTree = "<group>"; };
		EB81812917E712E5008DF2EB /* scene.xml */ = {isa = PBXFileReference; fileEncoding = 4; lastKnownFileType = text.xml; path = scene.xml; sourceTree = "<group>"; };
		EB873CB017E61F4F00181AB4 /* changes.txt */ = {isa = PBXFileReference; fileEncoding = 4; lastKnownFileType = text; path = changes.txt; sourceTree = "<group>"; };
		EB873CB217E61F4F00181AB4 /* annotated.html */ = {isa = PBXFileReference; fileEncoding = 4; lastKnownFileType = text.html; path = annotated.html; sourceTree = "<group>"; };
		EB873CB317E61F4F00181AB4 /* classes.html */ = {isa = PBXFileReference; fileEncoding = 4; lastKnownFileType = text.html; path = classes.html; sourceTree = "<group>"; };
		EB873CB417E61F4F00181AB4 /* classTiXmlAttribute-members.html */ = {isa = PBXFileReference; fileEncoding = 4; lastKnownFileType = text.html; path = "classTiXmlAttribute-members.html"; sourceTree = "<group>"; };
		EB873CB517E61F4F00181AB4 /* classTiXmlAttribute.html */ = {isa = PBXFileReference; fileEncoding = 4; lastKnownFileType = text.html; path = classTiXmlAttribute.html; sourceTree = "<group>"; };
		EB873CB617E61F4F00181AB4 /* classTiXmlAttribute.png */ = {isa = PBXFileReference; lastKnownFileType = image.png; path = classTiXmlAttribute.png; sourceTree = "<group>"; };
		EB873CB717E61F4F00181AB4 /* classTiXmlBase-members.html */ = {isa = PBXFileReference; fileEncoding = 4; lastKnownFileType = text.html; path = "classTiXmlBase-members.html"; sourceTree = "<group>"; };
		EB873CB817E61F4F00181AB4 /* classTiXmlBase.html */ = {isa = PBXFileReference; fileEncoding = 4; lastKnownFileType = text.html; path = classTiXmlBase.html; sourceTree = "<group>"; };
		EB873CB917E61F4F00181AB4 /* classTiXmlBase.png */ = {isa = PBXFileReference; lastKnownFileType = image.png; path = classTiXmlBase.png; sourceTree = "<group>"; };
		EB873CBA17E61F4F00181AB4 /* classTiXmlComment-members.html */ = {isa = PBXFileReference; fileEncoding = 4; lastKnownFileType = text.html; path = "classTiXmlComment-members.html"; sourceTree = "<group>"; };
		EB873CBB17E61F4F00181AB4 /* classTiXmlComment.html */ = {isa = PBXFileReference; fileEncoding = 4; lastKnownFileType = text.html; path = classTiXmlComment.html; sourceTree = "<group>"; };
		EB873CBC17E61F4F00181AB4 /* classTiXmlComment.png */ = {isa = PBXFileReference; lastKnownFileType = image.png; path = classTiXmlComment.png; sourceTree = "<group>"; };
		EB873CBD17E61F4F00181AB4 /* classTiXmlDeclaration-members.html */ = {isa = PBXFileReference; fileEncoding = 4; lastKnownFileType = text.html; path = "classTiXmlDeclaration-members.html"; sourceTree = "<group>"; };
		EB873CBE17E61F4F00181AB4 /* classTiXmlDeclaration.html */ = {isa = PBXFileReference; fileEncoding = 4; lastKnownFileType = text.html; path = classTiXmlDeclaration.html; sourceTree = "<group>"; };
		EB873CBF17E61F4F00181AB4 /* classTiXmlDeclaration.png */ = {isa = PBXFileReference; lastKnownFileType = image.png; path = classTiXmlDeclaration.png; sourceTree = "<group>"; };
		EB873CC017E61F4F00181AB4 /* classTiXmlDocument-members.html */ = {isa = PBXFileReference; fileEncoding = 4; lastKnownFileType = text.html; path = "classTiXmlDocument-members.html"; sourceTree = "<group>"; };
		EB873CC117E61F4F00181AB4 /* classTiXmlDocument.html */ = {isa = PBXFileReference; fileEncoding = 4; lastKnownFileType = text.html; path = classTiXmlDocument.html; sourceTree = "<group>"; };
		EB873CC217E61F4F00181AB4 /* classTiXmlDocument.png */ = {isa = PBXFileReference; lastKnownFileType = image.png; path = classTiXmlDocument.png; sourceTree = "<group>"; };
		EB873CC317E61F4F00181AB4 /* classTiXmlElement-members.html */ = {isa = PBXFileReference; fileEncoding = 4; lastKnownFileType = text.html; path = "classTiXmlElement-members.html"; sourceTree = "<group>"; };
		EB873CC417E61F4F00181AB4 /* classTiXmlElement.html */ = {isa = PBXFileReference; fileEncoding = 4; lastKnownFileType = text.html; path = classTiXmlElement.html; sourceTree = "<group>"; };
		EB873CC517E61F4F00181AB4 /* classTiXmlElement.png */ = {isa = PBXFileReference; lastKnownFileType = image.png; path = classTiXmlElement.png; sourceTree = "<group>"; };
		EB873CC617E61F4F00181AB4 /* classTiXmlHandle-members.html */ = {isa = PBXFileReference; fileEncoding = 4; lastKnownFileType = text.html; path = "classTiXmlHandle-members.html"; sourceTree = "<group>"; };
		EB873CC717E61F4F00181AB4 /* classTiXmlHandle.html */ = {isa = PBXFileReference; fileEncoding = 4; lastKnownFileType = text.html; path = classTiXmlHandle.html; sourceTree = "<group>"; };
		EB873CC817E61F4F00181AB4 /* classTiXmlNode-members.html */ = {isa = PBXFileReference; fileEncoding = 4; lastKnownFileType = text.html; path = "classTiXmlNode-members.html"; sourceTree = "<group>"; };
		EB873CC917E61F4F00181AB4 /* classTiXmlNode.html */ = {isa = PBXFileReference; fileEncoding = 4; lastKnownFileType = text.html; path = classTiXmlNode.html; sourceTree = "<group>"; };
		EB873CCA17E61F4F00181AB4 /* classTiXmlNode.png */ = {isa = PBXFileReference; lastKnownFileType = image.png; path = classTiXmlNode.png; sourceTree = "<group>"; };
		EB873CCB17E61F4F00181AB4 /* classTiXmlPrinter-members.html */ = {isa = PBXFileReference; fileEncoding = 4; lastKnownFileType = text.html; path = "classTiXmlPrinter-members.html"; sourceTree = "<group>"; };
		EB873CCC17E61F4F00181AB4 /* classTiXmlPrinter.html */ = {isa = PBXFileReference; fileEncoding = 4; lastKnownFileType = text.html; path = classTiXmlPrinter.html; sourceTree = "<group>"; };
		EB873CCD17E61F4F00181AB4 /* classTiXmlPrinter.png */ = {isa = PBXFileReference; lastKnownFileType = image.png; path = classTiXmlPrinter.png; sourceTree = "<group>"; };
		EB873CCE17E61F4F00181AB4 /* classTiXmlText-members.html */ = {isa = PBXFileReference; fileEncoding = 4; lastKnownFileType = text.html; path = "classTiXmlText-members.html"; sourceTree = "<group>"; };
		EB873CCF17E61F4F00181AB4 /* classTiXmlText.html */ = {isa = PBXFileReference; fileEncoding = 4; lastKnownFileType = text.html; path = classTiXmlText.html; sourceTree = "<group>"; };
		EB873CD017E61F4F00181AB4 /* classTiXmlText.png */ = {isa = PBXFileReference; lastKnownFileType = image.png; path = classTiXmlText.png; sourceTree = "<group>"; };
		EB873CD117E61F4F00181AB4 /* classTiXmlUnknown-members.html */ = {isa = PBXFileReference; fileEncoding = 4; lastKnownFileType = text.html; path = "classTiXmlUnknown-members.html"; sourceTree = "<group>"; };
		EB873CD217E61F4F00181AB4 /* classTiXmlUnknown.html */ = {isa = PBXFileReference; fileEncoding = 4; lastKnownFileType = text.html; path = classTiXmlUnknown.html; sourceTree = "<group>"; };
		EB873CD317E61F4F00181AB4 /* classTiXmlUnknown.png */ = {isa = PBXFileReference; lastKnownFileType = image.png; path = classTiXmlUnknown.png; sourceTree = "<group>"; };
		EB873CD417E61F4F00181AB4 /* classTiXmlVisitor-members.html */ = {isa = PBXFileReference; fileEncoding = 4; lastKnownFileType = text.html; path = "classTiXmlVisitor-members.html"; sourceTree = "<group>"; };
		EB873CD517E61F4F00181AB4 /* classTiXmlVisitor.html */ = {isa = PBXFileReference; fileEncoding = 4; lastKnownFileType = text.html; path = classTiXmlVisitor.html; sourceTree = "<group>"; };
		EB873CD617E61F4F00181AB4 /* classTiXmlVisitor.png */ = {isa = PBXFileReference; lastKnownFileType = image.png; path = classTiXmlVisitor.png; sourceTree = "<group>"; };
		EB873CD717E61F4F00181AB4 /* deprecated.html */ = {isa = PBXFileReference; fileEncoding = 4; lastKnownFileType = text.html; path = deprecated.html; sourceTree = "<group>"; };
		EB873CD817E61F4F00181AB4 /* doxygen.css */ = {isa = PBXFileReference; fileEncoding = 4; lastKnownFileType = text.css; path = doxygen.css; sourceTree = "<group>"; };
		EB873CD917E61F4F00181AB4 /* doxygen.png */ = {isa = PBXFileReference; lastKnownFileType = image.png; path = doxygen.png; sourceTree = "<group>"; };
		EB873CDA17E61F4F00181AB4 /* files.html */ = {isa = PBXFileReference; fileEncoding = 4; lastKnownFileType = text.html; path = files.html; sourceTree = "<group>"; };
		EB873CDB17E61F4F00181AB4 /* functions.html */ = {isa = PBXFileReference; fileEncoding = 4; lastKnownFileType = text.html; path = functions.html; sourceTree = "<group>"; };
		EB873CDC17E61F4F00181AB4 /* functions_0x63.html */ = {isa = PBXFileReference; fileEncoding = 4; lastKnownFileType = text.html; path = functions_0x63.html; sourceTree = "<group>"; };
		EB873CDD17E61F4F00181AB4 /* functions_0x64.html */ = {isa = PBXFileReference; fileEncoding = 4; lastKnownFileType = text.html; path = functions_0x64.html; sourceTree = "<group>"; };
		EB873CDE17E61F4F00181AB4 /* functions_0x65.html */ = {isa = PBXFileReference; fileEncoding = 4; lastKnownFileType = text.html; path = functions_0x65.html; sourceTree = "<group>"; };
		EB873CDF17E61F4F00181AB4 /* functions_0x66.html */ = {isa = PBXFileReference; fileEncoding = 4; lastKnownFileType = text.html; path = functions_0x66.html; sourceTree = "<group>"; };
		EB873CE017E61F4F00181AB4 /* functions_0x67.html */ = {isa = PBXFileReference; fileEncoding = 4; lastKnownFileType = text.html; path = functions_0x67.html; sourceTree = "<group>"; };
		EB873CE117E61F4F00181AB4 /* functions_0x69.html */ = {isa = PBXFileReference; fileEncoding = 4; lastKnownFileType = text.html; path = functions_0x69.html; sourceTree = "<group>"; };
		EB873CE217E61F4F00181AB4 /* functions_0x6c.html */ = {isa = PBXFileReference; fileEncoding = 4; lastKnownFileType = text.html; path = functions_0x6c.html; sourceTree = "<group>"; };
		EB873CE317E61F4F00181AB4 /* functions_0x6e.html */ = {isa = PBXFileReference; fileEncoding = 4; lastKnownFileType = text.html; path = functions_0x6e.html; sourceTree = "<group>"; };
		EB873CE417E61F4F00181AB4 /* functions_0x6f.html */ = {isa = PBXFileReference; fileEncoding = 4; lastKnownFileType = text.html; path = functions_0x6f.html; sourceTree = "<group>"; };
		EB873CE517E61F4F00181AB4 /* functions_0x70.html */ = {isa = PBXFileReference; fileEncoding = 4; lastKnownFileType = text.html; path = functions_0x70.html; sourceTree = "<group>"; };
		EB873CE617E61F4F00181AB4 /* functions_0x71.html */ = {isa = PBXFileReference; fileEncoding = 4; lastKnownFileType = text.html; path = functions_0x71.html; sourceTree = "<group>"; };
		EB873CE717E61F4F00181AB4 /* functions_0x72.html */ = {isa = PBXFileReference; fileEncoding = 4; lastKnownFileType = text.html; path = functions_0x72.html; sourceTree = "<group>"; };
		EB873CE817E61F4F00181AB4 /* functions_0x73.html */ = {isa = PBXFileReference; fileEncoding = 4; lastKnownFileType = text.html; path = functions_0x73.html; sourceTree = "<group>"; };
		EB873CE917E61F4F00181AB4 /* functions_0x74.html */ = {isa = PBXFileReference; fileEncoding = 4; lastKnownFileType = text.html; path = functions_0x74.html; sourceTree = "<group>"; };
		EB873CEA17E61F4F00181AB4 /* functions_0x75.html */ = {isa = PBXFileReference; fileEncoding = 4; lastKnownFileType = text.html; path = functions_0x75.html; sourceTree = "<group>"; };
		EB873CEB17E61F4F00181AB4 /* functions_0x76.html */ = {isa = PBXFileReference; fileEncoding = 4; lastKnownFileType = text.html; path = functions_0x76.html; sourceTree = "<group>"; };
		EB873CEC17E61F4F00181AB4 /* functions_enum.html */ = {isa = PBXFileReference; fileEncoding = 4; lastKnownFileType = text.html; path = functions_enum.html; sourceTree = "<group>"; };
		EB873CED17E61F4F00181AB4 /* functions_func.html */ = {isa = PBXFileReference; fileEncoding = 4; lastKnownFileType = text.html; path = functions_func.html; sourceTree = "<group>"; };
		EB873CEE17E61F4F00181AB4 /* functions_func_0x63.html */ = {isa = PBXFileReference; fileEncoding = 4; lastKnownFileType = text.html; path = functions_func_0x63.html; sourceTree = "<group>"; };
		EB873CEF17E61F4F00181AB4 /* functions_func_0x64.html */ = {isa = PBXFileReference; fileEncoding = 4; lastKnownFileType = text.html; path = functions_func_0x64.html; sourceTree = "<group>"; };
		EB873CF017E61F4F00181AB4 /* functions_func_0x65.html */ = {isa = PBXFileReference; fileEncoding = 4; lastKnownFileType = text.html; path = functions_func_0x65.html; sourceTree = "<group>"; };
		EB873CF117E61F4F00181AB4 /* functions_func_0x66.html */ = {isa = PBXFileReference; fileEncoding = 4; lastKnownFileType = text.html; path = functions_func_0x66.html; sourceTree = "<group>"; };
		EB873CF217E61F4F00181AB4 /* functions_func_0x67.html */ = {isa = PBXFileReference; fileEncoding = 4; lastKnownFileType = text.html; path = functions_func_0x67.html; sourceTree = "<group>"; };
		EB873CF317E61F4F00181AB4 /* functions_func_0x69.html */ = {isa = PBXFileReference; fileEncoding = 4; lastKnownFileType = text.html; path = functions_func_0x69.html; sourceTree = "<group>"; };
		EB873CF417E61F4F00181AB4 /* functions_func_0x6c.html */ = {isa = PBXFileReference; fileEncoding = 4; lastKnownFileType = text.html; path = functions_func_0x6c.html; sourceTree = "<group>"; };
		EB873CF517E61F4F00181AB4 /* functions_func_0x6e.html */ = {isa = PBXFileReference; fileEncoding = 4; lastKnownFileType = text.html; path = functions_func_0x6e.html; sourceTree = "<group>"; };
		EB873CF617E61F4F00181AB4 /* functions_func_0x70.html */ = {isa = PBXFileReference; fileEncoding = 4; lastKnownFileType = text.html; path = functions_func_0x70.html; sourceTree = "<group>"; };
		EB873CF717E61F4F00181AB4 /* functions_func_0x71.html */ = {isa = PBXFileReference; fileEncoding = 4; lastKnownFileType = text.html; path = functions_func_0x71.html; sourceTree = "<group>"; };
		EB873CF817E61F4F00181AB4 /* functions_func_0x72.html */ = {isa = PBXFileReference; fileEncoding = 4; lastKnownFileType = text.html; path = functions_func_0x72.html; sourceTree = "<group>"; };
		EB873CF917E61F4F00181AB4 /* functions_func_0x73.html */ = {isa = PBXFileReference; fileEncoding = 4; lastKnownFileType = text.html; path = functions_func_0x73.html; sourceTree = "<group>"; };
		EB873CFA17E61F4F00181AB4 /* functions_func_0x74.html */ = {isa = PBXFileReference; fileEncoding = 4; lastKnownFileType = text.html; path = functions_func_0x74.html; sourceTree = "<group>"; };
		EB873CFB17E61F4F00181AB4 /* functions_func_0x75.html */ = {isa = PBXFileReference; fileEncoding = 4; lastKnownFileType = text.html; path = functions_func_0x75.html; sourceTree = "<group>"; };
		EB873CFC17E61F4F00181AB4 /* functions_func_0x76.html */ = {isa = PBXFileReference; fileEncoding = 4; lastKnownFileType = text.html; path = functions_func_0x76.html; sourceTree = "<group>"; };
		EB873CFD17E61F4F00181AB4 /* functions_rela.html */ = {isa = PBXFileReference; fileEncoding = 4; lastKnownFileType = text.html; path = functions_rela.html; sourceTree = "<group>"; };
		EB873CFE17E61F4F00181AB4 /* functions_vars.html */ = {isa = PBXFileReference; fileEncoding = 4; lastKnownFileType = text.html; path = functions_vars.html; sourceTree = "<group>"; };
		EB873CFF17E61F4F00181AB4 /* hierarchy.html */ = {isa = PBXFileReference; fileEncoding = 4; lastKnownFileType = text.html; path = hierarchy.html; sourceTree = "<group>"; };
		EB873D0017E61F4F00181AB4 /* index.html */ = {isa = PBXFileReference; fileEncoding = 4; lastKnownFileType = text.html; path = index.html; sourceTree = "<group>"; };
		EB873D0117E61F4F00181AB4 /* pages.html */ = {isa = PBXFileReference; fileEncoding = 4; lastKnownFileType = text.html; path = pages.html; sourceTree = "<group>"; };
		EB873D0217E61F4F00181AB4 /* tab_b.gif */ = {isa = PBXFileReference; lastKnownFileType = image.gif; path = tab_b.gif; sourceTree = "<group>"; };
		EB873D0317E61F4F00181AB4 /* tab_l.gif */ = {isa = PBXFileReference; lastKnownFileType = image.gif; path = tab_l.gif; sourceTree = "<group>"; };
		EB873D0417E61F4F00181AB4 /* tab_r.gif */ = {isa = PBXFileReference; lastKnownFileType = image.gif; path = tab_r.gif; sourceTree = "<group>"; };
		EB873D0517E61F4F00181AB4 /* tabs.css */ = {isa = PBXFileReference; fileEncoding = 4; lastKnownFileType = text.css; path = tabs.css; sourceTree = "<group>"; };
		EB873D0617E61F4F00181AB4 /* tinystr_8h_source.html */ = {isa = PBXFileReference; fileEncoding = 4; lastKnownFileType = text.html; path = tinystr_8h_source.html; sourceTree = "<group>"; };
		EB873D0717E61F4F00181AB4 /* tinyxml_8h_source.html */ = {isa = PBXFileReference; fileEncoding = 4; lastKnownFileType = text.html; path = tinyxml_8h_source.html; sourceTree = "<group>"; };
		EB873D0817E61F4F00181AB4 /* tutorial0.html */ = {isa = PBXFileReference; fileEncoding = 4; lastKnownFileType = text.html; path = tutorial0.html; sourceTree = "<group>"; };
		EB873D0A17E61F4F00181AB4 /* readme.txt */ = {isa = PBXFileReference; fileEncoding = 4; lastKnownFileType = text; path = readme.txt; sourceTree = "<group>"; };
		EB873D0B17E61F4F00181AB4 /* tinystr.cpp */ = {isa = PBXFileReference; fileEncoding = 4; lastKnownFileType = sourcecode.cpp.cpp; path = tinystr.cpp; sourceTree = "<group>"; };
		EB873D0C17E61F4F00181AB4 /* tinystr.h */ = {isa = PBXFileReference; fileEncoding = 4; lastKnownFileType = sourcecode.c.h; path = tinystr.h; sourceTree = "<group>"; };
		EB873D0D17E61F4F00181AB4 /* tinyxml.cpp */ = {isa = PBXFileReference; fileEncoding = 4; lastKnownFileType = sourcecode.cpp.cpp; path = tinyxml.cpp; sourceTree = "<group>"; };
		EB873D0E17E61F4F00181AB4 /* tinyxml.h */ = {isa = PBXFileReference; fileEncoding = 4; lastKnownFileType = sourcecode.c.h; path = tinyxml.h; sourceTree = "<group>"; };
		EB873D0F17E61F4F00181AB4 /* tinyxml.sln */ = {isa = PBXFileReference; fileEncoding = 4; lastKnownFileType = text; path = tinyxml.sln; sourceTree = "<group>"; };
		EB873D1017E61F4F00181AB4 /* tinyxml_lib.vcxproj */ = {isa = PBXFileReference; fileEncoding = 4; lastKnownFileType = text.xml; path = tinyxml_lib.vcxproj; sourceTree = "<group>"; };
		EB873D1117E61F4F00181AB4 /* tinyxmlerror.cpp */ = {isa = PBXFileReference; fileEncoding = 4; lastKnownFileType = sourcecode.cpp.cpp; path = tinyxmlerror.cpp; sourceTree = "<group>"; };
		EB873D1217E61F4F00181AB4 /* tinyxmlparser.cpp */ = {isa = PBXFileReference; fileEncoding = 4; lastKnownFileType = sourcecode.cpp.cpp; path = tinyxmlparser.cpp; sourceTree = "<group>"; };
		EB873D1317E61F4F00181AB4 /* tinyxmlSTL.vcxproj */ = {isa = PBXFileReference; fileEncoding = 4; lastKnownFileType = text.xml; path = tinyxmlSTL.vcxproj; sourceTree = "<group>"; };
		EB873D1417E61F4F00181AB4 /* tinyXmlTest.vcxproj */ = {isa = PBXFileReference; fileEncoding = 4; lastKnownFileType = text.xml; path = tinyXmlTest.vcxproj; sourceTree = "<group>"; };
		EB873D1517E61F4F00181AB4 /* tinyXmlTestSTL.vcxproj */ = {isa = PBXFileReference; fileEncoding = 4; lastKnownFileType = text.xml; path = tinyXmlTestSTL.vcxproj; sourceTree = "<group>"; };
		EB873D1617E61F4F00181AB4 /* utf8test.gif */ = {isa = PBXFileReference; lastKnownFileType = image.gif; path = utf8test.gif; sourceTree = "<group>"; };
		EB873D1717E61F4F00181AB4 /* utf8test.xml */ = {isa = PBXFileReference; fileEncoding = 4; lastKnownFileType = text.xml; path = utf8test.xml; sourceTree = "<group>"; };
		EB873D1817E61F4F00181AB4 /* utf8testverify.xml */ = {isa = PBXFileReference; fileEncoding = 4; lastKnownFileType = text.xml; path = utf8testverify.xml; sourceTree = "<group>"; };
		EB873D1917E61F4F00181AB4 /* xmltest.cpp */ = {isa = PBXFileReference; fileEncoding = 4; lastKnownFileType = sourcecode.cpp.cpp; path = xmltest.cpp; sourceTree = "<group>"; };
		EB9E1BD518095B5F00F91761 /* Appearance.cpp */ = {isa = PBXFileReference; fileEncoding = 4; lastKnownFileType = sourcecode.cpp.cpp; name = Appearance.cpp; path = src/Appearance.cpp; sourceTree = SOURCE_ROOT; };
		EB9E1BD618095B5F00F91761 /* Appearance.h */ = {isa = PBXFileReference; fileEncoding = 4; lastKnownFileType = sourcecode.c.h; name = Appearance.h; path = src/Appearance.h; sourceTree = SOURCE_ROOT; };
		EB9E1BD718095B5F00F91761 /* CameraView.cpp */ = {isa = PBXFileReference; fileEncoding = 4; lastKnownFileType = sourcecode.cpp.cpp; name = CameraView.cpp; path = src/CameraView.cpp; sourceTree = SOURCE_ROOT; };
		EB9E1BD818095B5F00F91761 /* CameraView.h */ = {isa = PBXFileReference; fileEncoding = 4; lastKnownFileType = sourcecode.c.h; name = CameraView.h; path = src/CameraView.h; sourceTree = SOURCE_ROOT; };
		EB9E1BD918095B5F00F91761 /* DemoScene.cpp */ = {isa = PBXFileReference; fileEncoding = 4; lastKnownFileType = sourcecode.cpp.cpp; name = DemoScene.cpp; path = src/DemoScene.cpp; sourceTree = SOURCE_ROOT; };
		EB9E1BDA18095B5F00F91761 /* DemoScene.h */ = {isa = PBXFileReference; fileEncoding = 4; lastKnownFileType = sourcecode.c.h; name = DemoScene.h; path = src/DemoScene.h; sourceTree = SOURCE_ROOT; };
		EB9E1BDB18095B5F00F91761 /* main.cpp */ = {isa = PBXFileReference; fileEncoding = 4; lastKnownFileType = sourcecode.cpp.cpp; name = main.cpp; path = src/main.cpp; sourceTree = SOURCE_ROOT; };
		EB9E1BDC18095B5F00F91761 /* RendererInterface.cpp */ = {isa = PBXFileReference; fileEncoding = 4; lastKnownFileType = sourcecode.cpp.cpp; name = RendererInterface.cpp; path = src/RendererInterface.cpp; sourceTree = SOURCE_ROOT; };
		EB9E1BDD18095B5F00F91761 /* RendererInterface.h */ = {isa = PBXFileReference; fileEncoding = 4; lastKnownFileType = sourcecode.c.h; name = RendererInterface.h; path = src/RendererInterface.h; sourceTree = SOURCE_ROOT; };
		EB9E1BDE18095B5F00F91761 /* RootVertex.cpp */ = {isa = PBXFileReference; fileEncoding = 4; lastKnownFileType = sourcecode.cpp.cpp; name = RootVertex.cpp; path = src/RootVertex.cpp; sourceTree = SOURCE_ROOT; };
		EB9E1BDF18095B5F00F91761 /* RootVertex.h */ = {isa = PBXFileReference; fileEncoding = 4; lastKnownFileType = sourcecode.c.h; name = RootVertex.h; path = src/RootVertex.h; sourceTree = SOURCE_ROOT; };
		EB9E1BE018095B5F00F91761 /* SceneEdge.cpp */ = {isa = PBXFileReference; fileEncoding = 4; lastKnownFileType = sourcecode.cpp.cpp; name = SceneEdge.cpp; path = src/SceneEdge.cpp; sourceTree = SOURCE_ROOT; };
		EB9E1BE118095B5F00F91761 /* SceneEdge.h */ = {isa = PBXFileReference; fileEncoding = 4; lastKnownFileType = sourcecode.c.h; name = SceneEdge.h; path = src/SceneEdge.h; sourceTree = SOURCE_ROOT; };
		EB9E1BE218095B5F00F91761 /* SceneGraph.cpp */ = {isa = PBXFileReference; fileEncoding = 4; lastKnownFileType = sourcecode.cpp.cpp; name = SceneGraph.cpp; path = src/SceneGraph.cpp; sourceTree = SOURCE_ROOT; };
		EB9E1BE318095B5F00F91761 /* SceneGraph.h */ = {isa = PBXFileReference; fileEncoding = 4; lastKnownFileType = sourcecode.c.h; name = SceneGraph.h; path = src/SceneGraph.h; sourceTree = SOURCE_ROOT; };
		EB9E1BE418095B5F00F91761 /* SceneLight.cpp */ = {isa = PBXFileReference; fileEncoding = 4; lastKnownFileType = sourcecode.cpp.cpp; name = SceneLight.cpp; path = src/SceneLight.cpp; sourceTree = SOURCE_ROOT; };
		EB9E1BE518095B5F00F91761 /* SceneLight.h */ = {isa = PBXFileReference; fileEncoding = 4; lastKnownFileType = sourcecode.c.h; name = SceneLight.h; path = src/SceneLight.h; sourceTree = SOURCE_ROOT; };
		EB9E1BE618095B5F00F91761 /* ScenePrimitive.cpp */ = {isa = PBXFileReference; fileEncoding = 4; lastKnownFileType = sourcecode.cpp.cpp; name = ScenePrimitive.cpp; path = src/ScenePrimitive.cpp; sourceTree = SOURCE_ROOT; };
		EB9E1BE718095B5F00F91761 /* ScenePrimitive.h */ = {isa = PBXFileReference; fileEncoding = 4; lastKnownFileType = sourcecode.c.h; name = ScenePrimitive.h; path = src/ScenePrimitive.h; sourceTree = SOURCE_ROOT; };
		EB9E1BE818095B5F00F91761 /* SceneVertex.cpp */ = {isa = PBXFileReference; fileEncoding = 4; lastKnownFileType = sourcecode.cpp.cpp; name = SceneVertex.cpp; path = src/SceneVertex.cpp; sourceTree = SOURCE_ROOT; };
		EB9E1BE918095B5F00F91761 /* SceneVertex.h */ = {isa = PBXFileReference; fileEncoding = 4; lastKnownFileType = sourcecode.c.h; name = SceneVertex.h; path = src/SceneVertex.h; sourceTree = SOURCE_ROOT; };
		EB9E1BEA18095B5F00F91761 /* Transformation.cpp */ = {isa = PBXFileReference; fileEncoding = 4; lastKnownFileType = sourcecode.cpp.cpp; name = Transformation.cpp; path = src/Transformation.cpp; sourceTree = SOURCE_ROOT; };
		EB9E1BEB18095B5F00F91761 /* Transformation.h */ = {isa = PBXFileReference; fileEncoding = 4; lastKnownFileType = sourcecode.c.h; name = Transformation.h; path = src/Transformation.h; sourceTree = SOURCE_ROOT; };
		EB9E1BEC18095B5F00F91761 /* YAFAppearance.cpp */ = {isa = PBXFileReference; fileEncoding = 4; lastKnownFileType = sourcecode.cpp.cpp; name = YAFAppearance.cpp; path = src/YAFAppearance.cpp; sourceTree = SOURCE_ROOT; };
		EB9E1BED18095B5F00F91761 /* YAFAppearance.h */ = {isa = PBXFileReference; fileEncoding = 4; lastKnownFileType = sourcecode.c.h; name = YAFAppearance.h; path = src/YAFAppearance.h; sourceTree = SOURCE_ROOT; };
		EB9E1BEE18095B5F00F91761 /* YAFCamera.cpp */ = {isa = PBXFileReference; fileEncoding = 4; lastKnownFileType = sourcecode.cpp.cpp; name = YAFCamera.cpp; path = src/YAFCamera.cpp; sourceTree = SOURCE_ROOT; };
		EB9E1BEF18095B5F00F91761 /* YAFCamera.h */ = {isa = PBXFileReference; fileEncoding = 4; lastKnownFileType = sourcecode.c.h; name = YAFCamera.h; path = src/YAFCamera.h; sourceTree = SOURCE_ROOT; };
		EB9E1BF018095B5F00F91761 /* YAFElement.cpp */ = {isa = PBXFileReference; fileEncoding = 4; lastKnownFileType = sourcecode.cpp.cpp; name = YAFElement.cpp; path = src/YAFElement.cpp; sourceTree = SOURCE_ROOT; };
		EB9E1BF118095B5F00F91761 /* YAFElement.h */ = {isa = PBXFileReference; fileEncoding = 4; lastKnownFileType = sourcecode.c.h; name = YAFElement.h; path = src/YAFElement.h; sourceTree = SOURCE_ROOT; };
		EB9E1BF218095B5F00F91761 /* YAFGlobal.cpp */ = {isa = PBXFileReference; fileEncoding = 4; lastKnownFileType = sourcecode.cpp.cpp; name = YAFGlobal.cpp; path = src/YAFGlobal.cpp; sourceTree = SOURCE_ROOT; };
		EB9E1BF318095B5F00F91761 /* YAFGlobal.h */ = {isa = PBXFileReference; fileEncoding = 4; lastKnownFileType = sourcecode.c.h; name = YAFGlobal.h; path = src/YAFGlobal.h; sourceTree = SOURCE_ROOT; };
		EB9E1BF418095B5F00F91761 /* YAFGlobalLighting.cpp */ = {isa = PBXFileReference; fileEncoding = 4; lastKnownFileType = sourcecode.cpp.cpp; name = YAFGlobalLighting.cpp; path = src/YAFGlobalLighting.cpp; sourceTree = SOURCE_ROOT; };
		EB9E1BF518095B5F00F91761 /* YAFGlobalLighting.h */ = {isa = PBXFileReference; fileEncoding = 4; lastKnownFileType = sourcecode.c.h; name = YAFGlobalLighting.h; path = src/YAFGlobalLighting.h; sourceTree = SOURCE_ROOT; };
		EB9E1BF618095B5F00F91761 /* YAFLight.cpp */ = {isa = PBXFileReference; fileEncoding = 4; lastKnownFileType = sourcecode.cpp.cpp; name = YAFLight.cpp; path = src/YAFLight.cpp; sourceTree = SOURCE_ROOT; };
		EB9E1BF718095B5F00F91761 /* YAFLight.h */ = {isa = PBXFileReference; fileEncoding = 4; lastKnownFileType = sourcecode.c.h; name = YAFLight.h; path = src/YAFLight.h; sourceTree = SOURCE_ROOT; };
		EB9E1BF818095B5F00F91761 /* YAFNode.cpp */ = {isa = PBXFileReference; fileEncoding = 4; lastKnownFileType = sourcecode.cpp.cpp; name = YAFNode.cpp; path = src/YAFNode.cpp; sourceTree = SOURCE_ROOT; };
		EB9E1BF918095B5F00F91761 /* YAFNode.h */ = {isa = PBXFileReference; fileEncoding = 4; lastKnownFileType = sourcecode.c.h; name = YAFNode.h; path = src/YAFNode.h; sourceTree = SOURCE_ROOT; };
		EB9E1BFA18095B5F00F91761 /* YAFReader.cpp */ = {isa = PBXFileReference; fileEncoding = 4; lastKnownFileType = sourcecode.cpp.cpp; name = YAFReader.cpp; path = src/YAFReader.cpp; sourceTree = SOURCE_ROOT; };
		EB9E1BFB18095B5F00F91761 /* YAFReader.h */ = {isa = PBXFileReference; fileEncoding = 4; lastKnownFileType = sourcecode.c.h; name = YAFReader.h; path = src/YAFReader.h; sourceTree = SOURCE_ROOT; };
		EB9E1BFC18095B5F00F91761 /* YAFTexture.cpp */ = {isa = PBXFileReference; fileEncoding = 4; lastKnownFileType = sourcecode.cpp.cpp; name = YAFTexture.cpp; path = src/YAFTexture.cpp; sourceTree = SOURCE_ROOT; };
		EB9E1BFD18095B5F00F91761 /* YAFTexture.h */ = {isa = PBXFileReference; fileEncoding = 4; lastKnownFileType = sourcecode.c.h; name = YAFTexture.h; path = src/YAFTexture.h; sourceTree = SOURCE_ROOT; };
		EBB48507181C2404000E0A4A /* Animation.cpp */ = {isa = PBXFileReference; fileEncoding = 4; lastKnownFileType = sourcecode.cpp.cpp; name = Animation.cpp; path = src/Animation.cpp; sourceTree = SOURCE_ROOT; };
		EBB48508181C2404000E0A4A /* Animation.h */ = {isa = PBXFileReference; fileEncoding = 4; lastKnownFileType = sourcecode.c.h; name = Animation.h; path = src/Animation.h; sourceTree = SOURCE_ROOT; };
		EBB4850A181C25C7000E0A4A /* LinearAnimation.cpp */ = {isa = PBXFileReference; fileEncoding = 4; lastKnownFileType = sourcecode.cpp.cpp; name = LinearAnimation.cpp; path = src/LinearAnimation.cpp; sourceTree = SOURCE_ROOT; };
		EBB4850B181C25C7000E0A4A /* LinearAnimation.h */ = {isa = PBXFileReference; fileEncoding = 4; lastKnownFileType = sourcecode.c.h; name = LinearAnimation.h; path = src/LinearAnimation.h; sourceTree = SOURCE_ROOT; };
		EBE393751829A082006C5A5F /* ShaderTexture.cpp */ = {isa = PBXFileReference; fileEncoding = 4; lastKnownFileType = sourcecode.cpp.cpp; name = ShaderTexture.cpp; path = src/ShaderTexture.cpp; sourceTree = SOURCE_ROOT; };
		EBE393761829A082006C5A5F /* ShaderTexture.h */ = {isa = PBXFileReference; fileEncoding = 4; lastKnownFileType = sourcecode.c.h; name = ShaderTexture.h; path = src/ShaderTexture.h; sourceTree = SOURCE_ROOT; };
		EBE393781829A0AD006C5A5F /* rivershader.frag */ = {isa = PBXFileReference; fileEncoding = 4; lastKnownFileType = sourcecode.glsl; path = rivershader.frag; sourceTree = "<group>"; };
		EBE393791829A0AD006C5A5F /* rivershader.vert */ = {isa = PBXFileReference; fileEncoding = 4; lastKnownFileType = sourcecode.glsl; path = rivershader.vert; sourceTree = "<group>"; };
		EBF5AAC217F8B06900E54147 /* beer.jpg */ = {isa = PBXFileReference; lastKnownFileType = image.jpeg; path = beer.jpg; sourceTree = "<group>"; };
		EBF5AAC317F8B06900E54147 /* beerfoam.jpg */ = {isa = PBXFileReference; lastKnownFileType = image.jpeg; path = beerfoam.jpg; sourceTree = "<group>"; };
/* End PBXFileReference section */

/* Begin PBXFrameworksBuildPhase section */
		AA63E1A816D41531003287C6 /* Frameworks */ = {
			isa = PBXFrameworksBuildPhase;
			buildActionMask = 2147483647;
			files = (
				AA63E23216D4221C003287C6 /* libGLEW.1.9.0.dylib in Frameworks */,
				AA63E23316D4221C003287C6 /* libGLEWmx.1.9.0.dylib in Frameworks */,
				AA63E23416D4221C003287C6 /* libglui.a in Frameworks */,
				AA63E22E16D421B5003287C6 /* libCGF.a in Frameworks */,
				AA63E1D316D415CB003287C6 /* GLUT.framework in Frameworks */,
				AA63E1CF16D415BF003287C6 /* OpenGL.framework in Frameworks */,
			);
			runOnlyForDeploymentPostprocessing = 0;
		};
/* End PBXFrameworksBuildPhase section */

/* Begin PBXGroup section */
		AA63E1A216D41531003287C6 = {
			isa = PBXGroup;
			children = (
				EB873CAF17E61F4F00181AB4 /* tinyxml */,
				AA63E1AD16D41531003287C6 /* CGFExample */,
				AA63E1C016D41575003287C6 /* CGF Include */,
				AA63E23916D422CA003287C6 /* data */,
				AA63E1BF16D4156E003287C6 /* Frameworks */,
				AA63E1AC16D41531003287C6 /* Products */,
			);
			sourceTree = "<group>";
		};
		AA63E1AC16D41531003287C6 /* Products */ = {
			isa = PBXGroup;
			children = (
				AA63E1AB16D41531003287C6 /* CGFExample */,
			);
			name = Products;
			sourceTree = "<group>";
		};
		AA63E1AD16D41531003287C6 /* CGFExample */ = {
			isa = PBXGroup;
			children = (
				EB9E1BD518095B5F00F91761 /* Appearance.cpp */,
				EB9E1BD618095B5F00F91761 /* Appearance.h */,
				EB9E1BD718095B5F00F91761 /* CameraView.cpp */,
				EB9E1BD818095B5F00F91761 /* CameraView.h */,
				EB9E1BD918095B5F00F91761 /* DemoScene.cpp */,
				EB9E1BDA18095B5F00F91761 /* DemoScene.h */,
				EB9E1BDB18095B5F00F91761 /* main.cpp */,
				EB9E1BDC18095B5F00F91761 /* RendererInterface.cpp */,
				EB9E1BDD18095B5F00F91761 /* RendererInterface.h */,
				EB9E1BDE18095B5F00F91761 /* RootVertex.cpp */,
				EB9E1BDF18095B5F00F91761 /* RootVertex.h */,
				EB9E1BE018095B5F00F91761 /* SceneEdge.cpp */,
				EB9E1BE118095B5F00F91761 /* SceneEdge.h */,
				EB9E1BE218095B5F00F91761 /* SceneGraph.cpp */,
				EB9E1BE318095B5F00F91761 /* SceneGraph.h */,
				EB9E1BE818095B5F00F91761 /* SceneVertex.cpp */,
				EB9E1BE918095B5F00F91761 /* SceneVertex.h */,
				EB9E1BE418095B5F00F91761 /* SceneLight.cpp */,
				EB9E1BE518095B5F00F91761 /* SceneLight.h */,
				EB9E1BE618095B5F00F91761 /* ScenePrimitive.cpp */,
				EB9E1BE718095B5F00F91761 /* ScenePrimitive.h */,
				EB5822CF18142627001C3D45 /* Plane.cpp */,
				EB5822D018142627001C3D45 /* Plane.h */,
				EB0D1BB518182BE900E385CB /* Patch.cpp */,
				EB0D1BB618182BE900E385CB /* Patch.h */,
				EB3285AF1842249100394272 /* Vehicle.cpp */,
				EB3285B01842249100394272 /* Vehicle.h */,
				EB7C0CA118202B2C000861A8 /* Waterline.cpp */,
				EB7C0CA218202B2C000861A8 /* Waterline.h */,
				EB7C0CA418202E90000861A8 /* WaterShader.cpp */,
				EB7C0CA518202E90000861A8 /* WaterShader.h */,
				EB9E1BEA18095B5F00F91761 /* Transformation.cpp */,
				EB9E1BEB18095B5F00F91761 /* Transformation.h */,
				EB9E1BEC18095B5F00F91761 /* YAFAppearance.cpp */,
				EB9E1BED18095B5F00F91761 /* YAFAppearance.h */,
				EB9E1BEE18095B5F00F91761 /* YAFCamera.cpp */,
				EB9E1BEF18095B5F00F91761 /* YAFCamera.h */,
				EB9E1BF018095B5F00F91761 /* YAFElement.cpp */,
				EB9E1BF118095B5F00F91761 /* YAFElement.h */,
				EB9E1BF218095B5F00F91761 /* YAFGlobal.cpp */,
				EB9E1BF318095B5F00F91761 /* YAFGlobal.h */,
				EB9E1BF418095B5F00F91761 /* YAFGlobalLighting.cpp */,
				EB9E1BF518095B5F00F91761 /* YAFGlobalLighting.h */,
				EB9E1BF618095B5F00F91761 /* YAFLight.cpp */,
				EB9E1BF718095B5F00F91761 /* YAFLight.h */,
				EB9E1BF818095B5F00F91761 /* YAFNode.cpp */,
				EB9E1BF918095B5F00F91761 /* YAFNode.h */,
				EB9E1BFA18095B5F00F91761 /* YAFReader.cpp */,
				EB9E1BFB18095B5F00F91761 /* YAFReader.h */,
				EB9E1BFC18095B5F00F91761 /* YAFTexture.cpp */,
				EB9E1BFD18095B5F00F91761 /* YAFTexture.h */,
				EBB48507181C2404000E0A4A /* Animation.cpp */,
				EBB48508181C2404000E0A4A /* Animation.h */,
				EBB4850A181C25C7000E0A4A /* LinearAnimation.cpp */,
				EBB4850B181C25C7000E0A4A /* LinearAnimation.h */,
				EBE393751829A082006C5A5F /* ShaderTexture.cpp */,
				EBE393761829A082006C5A5F /* ShaderTexture.h */,
				EB3669191843632200DAB083 /* GameState.cpp */,
				EB36691A1843632200DAB083 /* GameState.h */,
				EB36691F184371ED00DAB083 /* Connection.cpp */,
				EB366920184371ED00DAB083 /* Connection.h */,
				EB366927184379EE00DAB083 /* PrologBridge.cpp */,
				EB366928184379EE00DAB083 /* PrologBridge.h */,
			);
			path = CGFExample;
			sourceTree = "<group>";
		};
		AA63E1BF16D4156E003287C6 /* Frameworks */ = {
			isa = PBXGroup;
			children = (
				AA63E22F16D4221C003287C6 /* libGLEW.1.9.0.dylib */,
				AA63E23016D4221C003287C6 /* libGLEWmx.1.9.0.dylib */,
				AA63E23116D4221C003287C6 /* libglui.a */,
				AA63E22D16D421B5003287C6 /* libCGF.a */,
				AA63E1D216D415CB003287C6 /* GLUT.framework */,
				AA63E1D016D415C6003287C6 /* CoreServices.framework */,
				AA63E1CE16D415BF003287C6 /* OpenGL.framework */,
			);
			name = Frameworks;
			sourceTree = "<group>";
		};
		AA63E1C016D41575003287C6 /* CGF Include */ = {
			isa = PBXGroup;
			children = (
				AA63E1C116D415A6003287C6 /* CGFappearance.h */,
				AA63E1C216D415A6003287C6 /* CGFapplication.h */,
				AA63E1C316D415A6003287C6 /* CGFaxis.h */,
				AA63E1C416D415A6003287C6 /* CGFcamera.h */,
				AA63E1C516D415A6003287C6 /* CGFinterface.h */,
				AA63E1C616D415A6003287C6 /* CGFlight.h */,
				AA63E1C716D415A6003287C6 /* CGFobject.h */,
				AA63E1C816D415A6003287C6 /* CGFscene.h */,
				AA63E1C916D415A6003287C6 /* CGFshader.h */,
				AA63E1CA16D415A6003287C6 /* CGFtexture.h */,
				AA63E1CB16D415A6003287C6 /* imagetools.h */,
				AA63E1CC16D415A6003287C6 /* stb_image_write.h */,
				AA63E1CD16D415A6003287C6 /* version.h */,
			);
			name = "CGF Include";
			sourceTree = "<group>";
		};
		AA63E23916D422CA003287C6 /* data */ = {
			isa = PBXGroup;
			children = (
				EB366925184379A300DAB083 /* choko */,
				EB2654E41826DDC1007FCBBC /* balloonText.png */,
				EB2654E51826DDC1007FCBBC /* cabinBottomText.png */,
				EB2654E61826DDC1007FCBBC /* cabinText.png */,
				EBF5AAC217F8B06900E54147 /* beer.jpg */,
				EBF5AAC317F8B06900E54147 /* beerfoam.jpg */,
				EB7BC63F17F78FA00069596B /* donut1.png */,
				EB7BC64017F78FA00069596B /* donut2.png */,
				EB7BC64117F78FA00069596B /* donut3.png */,
				EB7BC64217F78FA00069596B /* donut4.png */,
				EB7BC64317F78FA00069596B /* donut5.png */,
				EB7BC63D17F78F500069596B /* donutScene.yaf */,
				EB2654E31826DDB3007FCBBC /* zeppelinScene.yaf */,
				EB7BC63B17F7882E0069596B /* box.jpg */,
				EB7BC63917F77CCD0069596B /* floor.png */,
				EB7BC63417F77BCA0069596B /* duffPoster.jpg */,
				EB7BC63317F77BC10069596B /* wall.png */,
				EB7BC62E17F754E70069596B /* wood.jpg */,
				EB81812917E712E5008DF2EB /* scene.xml */,
				AA63E23B16D422CA003287C6 /* texshader.frag */,
				AA63E23C16D422CA003287C6 /* texshader.vert */,
				EBE393781829A0AD006C5A5F /* rivershader.frag */,
				EBE393791829A0AD006C5A5F /* rivershader.vert */,
				EB7C0CA7182033CE000861A8 /* water.jpg */,
				EB7C0CA8182033CE000861A8 /* watermap.jpg */,
			);
			path = data;
			sourceTree = "<group>";
		};
		EB873CAF17E61F4F00181AB4 /* tinyxml */ = {
			isa = PBXGroup;
			children = (
				EB873CB017E61F4F00181AB4 /* changes.txt */,
				EB873CB117E61F4F00181AB4 /* docs */,
				EB873D0A17E61F4F00181AB4 /* readme.txt */,
				EB873D0B17E61F4F00181AB4 /* tinystr.cpp */,
				EB873D0C17E61F4F00181AB4 /* tinystr.h */,
				EB873D0D17E61F4F00181AB4 /* tinyxml.cpp */,
				EB873D0E17E61F4F00181AB4 /* tinyxml.h */,
				EB873D0F17E61F4F00181AB4 /* tinyxml.sln */,
				EB873D1017E61F4F00181AB4 /* tinyxml_lib.vcxproj */,
				EB873D1117E61F4F00181AB4 /* tinyxmlerror.cpp */,
				EB873D1217E61F4F00181AB4 /* tinyxmlparser.cpp */,
				EB873D1317E61F4F00181AB4 /* tinyxmlSTL.vcxproj */,
				EB873D1417E61F4F00181AB4 /* tinyXmlTest.vcxproj */,
				EB873D1517E61F4F00181AB4 /* tinyXmlTestSTL.vcxproj */,
				EB873D1617E61F4F00181AB4 /* utf8test.gif */,
				EB873D1717E61F4F00181AB4 /* utf8test.xml */,
				EB873D1817E61F4F00181AB4 /* utf8testverify.xml */,
				EB873D1917E61F4F00181AB4 /* xmltest.cpp */,
			);
			path = tinyxml;
			sourceTree = "<group>";
		};
		EB873CB117E61F4F00181AB4 /* docs */ = {
			isa = PBXGroup;
			children = (
				EB873CB217E61F4F00181AB4 /* annotated.html */,
				EB873CB317E61F4F00181AB4 /* classes.html */,
				EB873CB417E61F4F00181AB4 /* classTiXmlAttribute-members.html */,
				EB873CB517E61F4F00181AB4 /* classTiXmlAttribute.html */,
				EB873CB617E61F4F00181AB4 /* classTiXmlAttribute.png */,
				EB873CB717E61F4F00181AB4 /* classTiXmlBase-members.html */,
				EB873CB817E61F4F00181AB4 /* classTiXmlBase.html */,
				EB873CB917E61F4F00181AB4 /* classTiXmlBase.png */,
				EB873CBA17E61F4F00181AB4 /* classTiXmlComment-members.html */,
				EB873CBB17E61F4F00181AB4 /* classTiXmlComment.html */,
				EB873CBC17E61F4F00181AB4 /* classTiXmlComment.png */,
				EB873CBD17E61F4F00181AB4 /* classTiXmlDeclaration-members.html */,
				EB873CBE17E61F4F00181AB4 /* classTiXmlDeclaration.html */,
				EB873CBF17E61F4F00181AB4 /* classTiXmlDeclaration.png */,
				EB873CC017E61F4F00181AB4 /* classTiXmlDocument-members.html */,
				EB873CC117E61F4F00181AB4 /* classTiXmlDocument.html */,
				EB873CC217E61F4F00181AB4 /* classTiXmlDocument.png */,
				EB873CC317E61F4F00181AB4 /* classTiXmlElement-members.html */,
				EB873CC417E61F4F00181AB4 /* classTiXmlElement.html */,
				EB873CC517E61F4F00181AB4 /* classTiXmlElement.png */,
				EB873CC617E61F4F00181AB4 /* classTiXmlHandle-members.html */,
				EB873CC717E61F4F00181AB4 /* classTiXmlHandle.html */,
				EB873CC817E61F4F00181AB4 /* classTiXmlNode-members.html */,
				EB873CC917E61F4F00181AB4 /* classTiXmlNode.html */,
				EB873CCA17E61F4F00181AB4 /* classTiXmlNode.png */,
				EB873CCB17E61F4F00181AB4 /* classTiXmlPrinter-members.html */,
				EB873CCC17E61F4F00181AB4 /* classTiXmlPrinter.html */,
				EB873CCD17E61F4F00181AB4 /* classTiXmlPrinter.png */,
				EB873CCE17E61F4F00181AB4 /* classTiXmlText-members.html */,
				EB873CCF17E61F4F00181AB4 /* classTiXmlText.html */,
				EB873CD017E61F4F00181AB4 /* classTiXmlText.png */,
				EB873CD117E61F4F00181AB4 /* classTiXmlUnknown-members.html */,
				EB873CD217E61F4F00181AB4 /* classTiXmlUnknown.html */,
				EB873CD317E61F4F00181AB4 /* classTiXmlUnknown.png */,
				EB873CD417E61F4F00181AB4 /* classTiXmlVisitor-members.html */,
				EB873CD517E61F4F00181AB4 /* classTiXmlVisitor.html */,
				EB873CD617E61F4F00181AB4 /* classTiXmlVisitor.png */,
				EB873CD717E61F4F00181AB4 /* deprecated.html */,
				EB873CD817E61F4F00181AB4 /* doxygen.css */,
				EB873CD917E61F4F00181AB4 /* doxygen.png */,
				EB873CDA17E61F4F00181AB4 /* files.html */,
				EB873CDB17E61F4F00181AB4 /* functions.html */,
				EB873CDC17E61F4F00181AB4 /* functions_0x63.html */,
				EB873CDD17E61F4F00181AB4 /* functions_0x64.html */,
				EB873CDE17E61F4F00181AB4 /* functions_0x65.html */,
				EB873CDF17E61F4F00181AB4 /* functions_0x66.html */,
				EB873CE017E61F4F00181AB4 /* functions_0x67.html */,
				EB873CE117E61F4F00181AB4 /* functions_0x69.html */,
				EB873CE217E61F4F00181AB4 /* functions_0x6c.html */,
				EB873CE317E61F4F00181AB4 /* functions_0x6e.html */,
				EB873CE417E61F4F00181AB4 /* functions_0x6f.html */,
				EB873CE517E61F4F00181AB4 /* functions_0x70.html */,
				EB873CE617E61F4F00181AB4 /* functions_0x71.html */,
				EB873CE717E61F4F00181AB4 /* functions_0x72.html */,
				EB873CE817E61F4F00181AB4 /* functions_0x73.html */,
				EB873CE917E61F4F00181AB4 /* functions_0x74.html */,
				EB873CEA17E61F4F00181AB4 /* functions_0x75.html */,
				EB873CEB17E61F4F00181AB4 /* functions_0x76.html */,
				EB873CEC17E61F4F00181AB4 /* functions_enum.html */,
				EB873CED17E61F4F00181AB4 /* functions_func.html */,
				EB873CEE17E61F4F00181AB4 /* functions_func_0x63.html */,
				EB873CEF17E61F4F00181AB4 /* functions_func_0x64.html */,
				EB873CF017E61F4F00181AB4 /* functions_func_0x65.html */,
				EB873CF117E61F4F00181AB4 /* functions_func_0x66.html */,
				EB873CF217E61F4F00181AB4 /* functions_func_0x67.html */,
				EB873CF317E61F4F00181AB4 /* functions_func_0x69.html */,
				EB873CF417E61F4F00181AB4 /* functions_func_0x6c.html */,
				EB873CF517E61F4F00181AB4 /* functions_func_0x6e.html */,
				EB873CF617E61F4F00181AB4 /* functions_func_0x70.html */,
				EB873CF717E61F4F00181AB4 /* functions_func_0x71.html */,
				EB873CF817E61F4F00181AB4 /* functions_func_0x72.html */,
				EB873CF917E61F4F00181AB4 /* functions_func_0x73.html */,
				EB873CFA17E61F4F00181AB4 /* functions_func_0x74.html */,
				EB873CFB17E61F4F00181AB4 /* functions_func_0x75.html */,
				EB873CFC17E61F4F00181AB4 /* functions_func_0x76.html */,
				EB873CFD17E61F4F00181AB4 /* functions_rela.html */,
				EB873CFE17E61F4F00181AB4 /* functions_vars.html */,
				EB873CFF17E61F4F00181AB4 /* hierarchy.html */,
				EB873D0017E61F4F00181AB4 /* index.html */,
				EB873D0117E61F4F00181AB4 /* pages.html */,
				EB873D0217E61F4F00181AB4 /* tab_b.gif */,
				EB873D0317E61F4F00181AB4 /* tab_l.gif */,
				EB873D0417E61F4F00181AB4 /* tab_r.gif */,
				EB873D0517E61F4F00181AB4 /* tabs.css */,
				EB873D0617E61F4F00181AB4 /* tinystr_8h_source.html */,
				EB873D0717E61F4F00181AB4 /* tinyxml_8h_source.html */,
				EB873D0817E61F4F00181AB4 /* tutorial0.html */,
			);
			path = docs;
			sourceTree = "<group>";
		};
/* End PBXGroup section */

/* Begin PBXNativeTarget section */
		AA63E1AA16D41531003287C6 /* CGFExample */ = {
			isa = PBXNativeTarget;
			buildConfigurationList = AA63E1B416D41531003287C6 /* Build configuration list for PBXNativeTarget "CGFExample" */;
			buildPhases = (
				AA63E1A716D41531003287C6 /* Sources */,
				AA63E1A816D41531003287C6 /* Frameworks */,
				AA63E1A916D41531003287C6 /* CopyFiles */,
			);
			buildRules = (
			);
			dependencies = (
			);
			name = CGFExample;
			productName = CGFExample;
			productReference = AA63E1AB16D41531003287C6 /* CGFExample */;
			productType = "com.apple.product-type.tool";
		};
/* End PBXNativeTarget section */

/* Begin PBXProject section */
		AA63E1A316D41531003287C6 /* Project object */ = {
			isa = PBXProject;
			attributes = {
				LastUpgradeCheck = 0500;
				ORGANIZATIONNAME = me;
			};
			buildConfigurationList = AA63E1A616D41531003287C6 /* Build configuration list for PBXProject "CGFExample" */;
			compatibilityVersion = "Xcode 3.2";
			developmentRegion = English;
			hasScannedForEncodings = 0;
			knownRegions = (
				en,
			);
			mainGroup = AA63E1A216D41531003287C6;
			productRefGroup = AA63E1AC16D41531003287C6 /* Products */;
			projectDirPath = "";
			projectRoot = "";
			targets = (
				AA63E1AA16D41531003287C6 /* CGFExample */,
			);
		};
/* End PBXProject section */

/* Begin PBXSourcesBuildPhase section */
		AA63E1A716D41531003287C6 /* Sources */ = {
			isa = PBXSourcesBuildPhase;
			buildActionMask = 2147483647;
			files = (
				EB873D1B17E61F4F00181AB4 /* tinystr.cpp in Sources */,
				EB9E1C0418095B5F00F91761 /* SceneEdge.cpp in Sources */,
				EB9E1C1018095B5F00F91761 /* YAFNode.cpp in Sources */,
				EB366929184379EE00DAB083 /* PrologBridge.cpp in Sources */,
				EBB4850C181C25C7000E0A4A /* LinearAnimation.cpp in Sources */,
				EB9E1C0018095B5F00F91761 /* DemoScene.cpp in Sources */,
				EB9E1C0118095B5F00F91761 /* main.cpp in Sources */,
				EB9E1C0A18095B5F00F91761 /* YAFAppearance.cpp in Sources */,
				EB9E1C0C18095B5F00F91761 /* YAFElement.cpp in Sources */,
				EB9E1C1118095B5F00F91761 /* YAFReader.cpp in Sources */,
				EB9E1BFE18095B5F00F91761 /* Appearance.cpp in Sources */,
				EB9E1C0518095B5F00F91761 /* SceneGraph.cpp in Sources */,
				EB9E1C0918095B5F00F91761 /* Transformation.cpp in Sources */,
				EB9E1C0718095B5F00F91761 /* ScenePrimitive.cpp in Sources */,
				EB7C0CA318202B2C000861A8 /* Waterline.cpp in Sources */,
				EB5822D118142627001C3D45 /* Plane.cpp in Sources */,
				EB873D1C17E61F4F00181AB4 /* tinyxml.cpp in Sources */,
				EB3285B11842249100394272 /* Vehicle.cpp in Sources */,
				EB9E1C0E18095B5F00F91761 /* YAFGlobalLighting.cpp in Sources */,
				EB9E1C1218095B5F00F91761 /* YAFTexture.cpp in Sources */,
				EB9E1C0318095B5F00F91761 /* RootVertex.cpp in Sources */,
				EB9E1C0B18095B5F00F91761 /* YAFCamera.cpp in Sources */,
				EB873D1D17E61F4F00181AB4 /* tinyxmlerror.cpp in Sources */,
				EB9E1BFF18095B5F00F91761 /* CameraView.cpp in Sources */,
				EB873D1E17E61F4F00181AB4 /* tinyxmlparser.cpp in Sources */,
				EBE393771829A082006C5A5F /* ShaderTexture.cpp in Sources */,
				EB9E1C0D18095B5F00F91761 /* YAFGlobal.cpp in Sources */,
				EB36691B1843632200DAB083 /* GameState.cpp in Sources */,
				EBE3937A1829A0AD006C5A5F /* rivershader.frag in Sources */,
				EB0D1BB718182BE900E385CB /* Patch.cpp in Sources */,
				EB9E1C0F18095B5F00F91761 /* YAFLight.cpp in Sources */,
				EB7C0CA618202E90000861A8 /* WaterShader.cpp in Sources */,
				EB9E1C0818095B5F00F91761 /* SceneVertex.cpp in Sources */,
				EBE3937B1829A0AD006C5A5F /* rivershader.vert in Sources */,
				EB366923184371ED00DAB083 /* Connection.cpp in Sources */,
				EB9E1C0618095B5F00F91761 /* SceneLight.cpp in Sources */,
				EBB48509181C2404000E0A4A /* Animation.cpp in Sources */,
				EB9E1C0218095B5F00F91761 /* RendererInterface.cpp in Sources */,
				EB873D1F17E61F4F00181AB4 /* xmltest.cpp in Sources */,
			);
			runOnlyForDeploymentPostprocessing = 0;
		};
/* End PBXSourcesBuildPhase section */

/* Begin XCBuildConfiguration section */
		AA63E1B216D41531003287C6 /* Debug */ = {
			isa = XCBuildConfiguration;
			buildSettings = {
				ALWAYS_SEARCH_USER_PATHS = NO;
				CLANG_CXX_LANGUAGE_STANDARD = "gnu++0x";
				CLANG_CXX_LIBRARY = "libc++";
				CLANG_WARN_CONSTANT_CONVERSION = YES;
				CLANG_WARN_EMPTY_BODY = YES;
				CLANG_WARN_ENUM_CONVERSION = YES;
				CLANG_WARN_INT_CONVERSION = YES;
				CLANG_WARN__DUPLICATE_METHOD_MATCH = YES;
				COPY_PHASE_STRIP = NO;
				GCC_C_LANGUAGE_STANDARD = gnu99;
				GCC_DYNAMIC_NO_PIC = NO;
				GCC_ENABLE_OBJC_EXCEPTIONS = YES;
				GCC_OPTIMIZATION_LEVEL = 0;
				GCC_PREPROCESSOR_DEFINITIONS = (
					"DEBUG=1",
					"$(inherited)",
				);
				GCC_SYMBOLS_PRIVATE_EXTERN = NO;
				GCC_WARN_64_TO_32_BIT_CONVERSION = NO;
				GCC_WARN_ABOUT_RETURN_TYPE = YES;
				GCC_WARN_UNINITIALIZED_AUTOS = YES;
				GCC_WARN_UNUSED_VARIABLE = YES;
				MACOSX_DEPLOYMENT_TARGET = 10.8;
				ONLY_ACTIVE_ARCH = YES;
				SDKROOT = macosx;
			};
			name = Debug;
		};
		AA63E1B316D41531003287C6 /* Release */ = {
			isa = XCBuildConfiguration;
			buildSettings = {
				ALWAYS_SEARCH_USER_PATHS = NO;
				CLANG_CXX_LANGUAGE_STANDARD = "gnu++0x";
				CLANG_CXX_LIBRARY = "libc++";
				CLANG_WARN_CONSTANT_CONVERSION = YES;
				CLANG_WARN_EMPTY_BODY = YES;
				CLANG_WARN_ENUM_CONVERSION = YES;
				CLANG_WARN_INT_CONVERSION = YES;
				CLANG_WARN__DUPLICATE_METHOD_MATCH = YES;
				COPY_PHASE_STRIP = YES;
				DEBUG_INFORMATION_FORMAT = "dwarf-with-dsym";
				GCC_C_LANGUAGE_STANDARD = gnu99;
				GCC_ENABLE_OBJC_EXCEPTIONS = YES;
				GCC_WARN_64_TO_32_BIT_CONVERSION = NO;
				GCC_WARN_ABOUT_RETURN_TYPE = YES;
				GCC_WARN_UNINITIALIZED_AUTOS = YES;
				GCC_WARN_UNUSED_VARIABLE = YES;
				MACOSX_DEPLOYMENT_TARGET = 10.8;
				SDKROOT = macosx;
			};
			name = Release;
		};
		AA63E1B516D41531003287C6 /* Debug */ = {
			isa = XCBuildConfiguration;
			buildSettings = {
				CLANG_CXX_LANGUAGE_STANDARD = "c++0x";
				CLANG_CXX_LIBRARY = "libc++";
				GCC_C_LANGUAGE_STANDARD = "compiler-default";
				GCC_VERSION = "";
				GCC_WARN_UNINITIALIZED_AUTOS = NO;
				HEADER_SEARCH_PATHS = /usr/local/include;
				LIBRARY_SEARCH_PATHS = (
					"$(inherited)",
					"\"$(SRCROOT)/../CGFlib/lib\"",
					/usr/local/Cellar/glew/1.9.0/lib,
					/usr/local/Cellar/glui/2.36/lib,
				);
				ONLY_ACTIVE_ARCH = YES;
				PRODUCT_NAME = "$(TARGET_NAME)";
			};
			name = Debug;
		};
		AA63E1B616D41531003287C6 /* Release */ = {
			isa = XCBuildConfiguration;
			buildSettings = {
				CLANG_CXX_LANGUAGE_STANDARD = "c++0x";
				CLANG_CXX_LIBRARY = "libc++";
				GCC_C_LANGUAGE_STANDARD = "compiler-default";
				GCC_VERSION = "";
				GCC_WARN_UNINITIALIZED_AUTOS = NO;
				HEADER_SEARCH_PATHS = /usr/local/include;
				LIBRARY_SEARCH_PATHS = (
					"$(inherited)",
					"\"$(SRCROOT)/../CGFlib/lib\"",
					/usr/local/Cellar/glew/1.9.0/lib,
					/usr/local/Cellar/glui/2.36/lib,
				);
				ONLY_ACTIVE_ARCH = YES;
				PRODUCT_NAME = "$(TARGET_NAME)";
			};
			name = Release;
		};
/* End XCBuildConfiguration section */

/* Begin XCConfigurationList section */
		AA63E1A616D41531003287C6 /* Build configuration list for PBXProject "CGFExample" */ = {
			isa = XCConfigurationList;
			buildConfigurations = (
				AA63E1B216D41531003287C6 /* Debug */,
				AA63E1B316D41531003287C6 /* Release */,
			);
			defaultConfigurationIsVisible = 0;
			defaultConfigurationName = Release;
		};
		AA63E1B416D41531003287C6 /* Build configuration list for PBXNativeTarget "CGFExample" */ = {
			isa = XCConfigurationList;
			buildConfigurations = (
				AA63E1B516D41531003287C6 /* Debug */,
				AA63E1B616D41531003287C6 /* Release */,
			);
			defaultConfigurationIsVisible = 0;
			defaultConfigurationName = Release;
		};
/* End XCConfigurationList section */
	};
	rootObject = AA63E1A316D41531003287C6 /* Project object */;
}
